
Microsoft Visual Studio Solution File, Format Version 12.00
# Visual Studio Version 16
VisualStudioVersion = 16.0.28803.156
MinimumVisualStudioVersion = 10.0.40219.1
Project("{FAE04EC0-301F-11D3-BF4B-00C04F79EFBC}") = "ExcelToSqlBulkCopy", "ExcelToSqlBulkCopy\ExcelToSqlBulkCopy.csproj", "{50B977D2-D99C-423A-B707-23FA721D18CD}"
EndProject
Global
	GlobalSection(SolutionConfigurationPlatforms) = preSolution
		Debug|Any CPU = Debug|Any CPU
		Release|Any CPU = Release|Any CPU
	EndGlobalSection
	GlobalSection(ProjectConfigurationPlatforms) = postSolution
		{50B977D2-D99C-423A-B707-23FA721D18CD}.Debug|Any CPU.ActiveCfg = Debug|Any CPU
		{50B977D2-D99C-423A-B707-23FA721D18CD}.Debug|Any CPU.Build.0 = Debug|Any CPU
		{50B977D2-D99C-423A-B707-23FA721D18CD}.Release|Any CPU.ActiveCfg = Release|Any CPU
		{50B977D2-D99C-423A-B707-23FA721D18CD}.Release|Any CPU.Build.0 = Release|Any CPU
	EndGlobalSection
	GlobalSection(SolutionProperties) = preSolution
		HideSolutionNode = FALSE
	EndGlobalSection
	GlobalSection(ExtensibilityGlobals) = postSolution
		SolutionGuid = {2829CC13-C1B6-4AEA-A308-939D5AB29558}
	EndGlobalSection
EndGlobal
